
Microsoft Visual Studio Solution File, Format Version 12.00
# Visual Studio 15
VisualStudioVersion = 15.0.26730.12
MinimumVisualStudioVersion = 10.0.40219.1
Project("{8BC9CEB8-8B4A-11D0-8D11-00A0C91BC942}") = "TestScroll", "TestScroll.vcxproj", "{89C36410-5291-4792-BA23-A3CBE6C7A2A6}"
EndProject
Global
	GlobalSection(SolutionConfigurationPlatforms) = preSolution
		Debug|x86 = Debug|x86
		Release|x86 = Release|x86
		Template|x86 = Template|x86
	EndGlobalSection
	GlobalSection(ProjectConfigurationPlatforms) = postSolution
		{89C36410-5291-4792-BA23-A3CBE6C7A2A6}.Debug|x86.ActiveCfg = Debug|Win32
		{89C36410-5291-4792-BA23-A3CBE6C7A2A6}.Debug|x86.Build.0 = Debug|Win32
		{89C36410-5291-4792-BA23-A3CBE6C7A2A6}.Release|x86.ActiveCfg = Release|Win32
		{89C36410-5291-4792-BA23-A3CBE6C7A2A6}.Release|x86.Build.0 = Release|Win32
		{89C36410-5291-4792-BA23-A3CBE6C7A2A6}.Template|x86.ActiveCfg = Template|Win32
		{89C36410-5291-4792-BA23-A3CBE6C7A2A6}.Template|x86.Build.0 = Template|Win32
	EndGlobalSection
	GlobalSection(SolutionProperties) = preSolution
		HideSolutionNode = FALSE
	EndGlobalSection
	GlobalSection(ExtensibilityGlobals) = postSolution
		SolutionGuid = {8C6C6445-FD67-4D3A-9258-01C47AA94D40}
	EndGlobalSection
EndGlobal
